
Microsoft Visual Studio Solution File, Format Version 12.00
# Visual Studio Version 17
VisualStudioVersion = 17.10.35027.167
MinimumVisualStudioVersion = 10.0.40219.1
Project("{FAE04EC0-301F-11D3-BF4B-00C04F79EFBC}") = "WellnessTrackerAPI", "WellnessTrackerAPI.csproj", "{F9CD2388-CBCD-48BC-82B5-37BAE400B47A}"
EndProject
Global
	GlobalSection(SolutionConfigurationPlatforms) = preSolution
		Debug|Any CPU = Debug|Any CPU
		Release|Any CPU = Release|Any CPU
	EndGlobalSection
	GlobalSection(ProjectConfigurationPlatforms) = postSolution
		{F9CD2388-CBCD-48BC-82B5-37BAE400B47A}.Debug|Any CPU.ActiveCfg = Debug|Any CPU
		{F9CD2388-CBCD-48BC-82B5-37BAE400B47A}.Debug|Any CPU.Build.0 = Debug|Any CPU
		{F9CD2388-CBCD-48BC-82B5-37BAE400B47A}.Release|Any CPU.ActiveCfg = Release|Any CPU
		{F9CD2388-CBCD-48BC-82B5-37BAE400B47A}.Release|Any CPU.Build.0 = Release|Any CPU
	EndGlobalSection
	GlobalSection(SolutionProperties) = preSolution
		HideSolutionNode = FALSE
	EndGlobalSection
	GlobalSection(ExtensibilityGlobals) = postSolution
		SolutionGuid = {8C4F8168-B839-4A54-AC23-14EDC047624E}
	EndGlobalSection
EndGlobal
